
Microsoft Visual Studio Solution File, Format Version 12.00
# Visual Studio Version 16
VisualStudioVersion = 16.0.30204.135
MinimumVisualStudioVersion = 10.0.40219.1
Project("{9A19103F-16F7-4668-BE54-9A1E7A4F7556}") = "TheHiProgram", "TheHiProgram\TheHiProgram.csproj", "{FDEA389F-011F-441C-8BE1-CC9CC3584432}"
EndProject
Project("{9A19103F-16F7-4668-BE54-9A1E7A4F7556}") = "NumbersInDifferentNumeralSystems", "NumbersInDifferentNumeralSystems\NumbersInDifferentNumeralSystems.csproj", "{78445069-45B8-48CB-85D1-70268559986A}"
EndProject
Project("{9A19103F-16F7-4668-BE54-9A1E7A4F7556}") = "AgeAfter10Years", "AgeAfter10Years\AgeAfter10Years.csproj", "{A8EF2C5A-AAF2-4498-821C-283FFC252FA4}"
EndProject
Project("{9A19103F-16F7-4668-BE54-9A1E7A4F7556}") = "TheUniqueNumber", "TheUniqueNumber\TheUniqueNumber.csproj", "{E8C67298-D794-4D4D-BCF0-D1D81D81D626}"
EndProject
Project("{9A19103F-16F7-4668-BE54-9A1E7A4F7556}") = "OddOrEven", "OddOrEven\OddOrEven.csproj", "{104DBBAD-E267-481E-A3A9-02BFD6199CF8}"
EndProject
Project("{9A19103F-16F7-4668-BE54-9A1E7A4F7556}") = "NumberComparison", "NumberComparison\NumberComparison.csproj", "{182511BE-1D9F-4A45-AE8A-9510C46806F1}"
EndProject
Project("{9A19103F-16F7-4668-BE54-9A1E7A4F7556}") = "MyNumberDiapason", "MyNumberDiapason\MyNumberDiapason.csproj", "{7D2DAAB3-C651-4D7C-8822-209A4D6EEBB1}"
EndProject
Project("{9A19103F-16F7-4668-BE54-9A1E7A4F7556}") = "CalculateMyWeightInSolarSystem", "CalculateMyWeightInSolarSystem\CalculateMyWeightInSolarSystem.csproj", "{2053B657-8433-486B-9133-EA9B65CC9DAB}"
EndProject
Project("{9A19103F-16F7-4668-BE54-9A1E7A4F7556}") = "TravelingToTheSunWithSoundSpeed", "TravelingToTheSunWithSoundSpeed\TravelingToTheSunWithSoundSpeed.csproj", "{0A228A62-E7A1-4DE3-A7A8-A9B9257145C5}"
EndProject
Project("{9A19103F-16F7-4668-BE54-9A1E7A4F7556}") = "SimpleDeckOfCards", "SimpleDeckOfCards\SimpleDeckOfCards.csproj", "{D1B5BA17-B97B-466D-B1BD-6236C9EA22B2}"
EndProject
Project("{9A19103F-16F7-4668-BE54-9A1E7A4F7556}") = "BusTicketLuckyNumber", "BusTicketLuckyNumber\BusTicketLuckyNumber.csproj", "{35541949-7B1E-4F58-BC13-7B497448B1D5}"
EndProject
Project("{9A19103F-16F7-4668-BE54-9A1E7A4F7556}") = "MiserPiggy", "MiserPiggy\MiserPiggy.csproj", "{E1B3D99A-081E-4A7D-994A-3769DBB1EA78}"
EndProject
Project("{9A19103F-16F7-4668-BE54-9A1E7A4F7556}") = "WorkingWithSomeIntegers", "WorkingWithSomeIntegers\WorkingWithSomeIntegers.csproj", "{D0613985-9ACA-4700-A11F-3F354D704CC0}"
EndProject
Project("{9A19103F-16F7-4668-BE54-9A1E7A4F7556}") = "WorkingWithSomeLetters", "WorkingWithSomeLetters\WorkingWithSomeLetters.csproj", "{CB63FD77-7FB3-4322-842D-C7414B3F7BC3}"
EndProject
Project("{9A19103F-16F7-4668-BE54-9A1E7A4F7556}") = "GetMax", "GetMax\GetMax.csproj", "{AB307806-7B8E-4270-8003-0BE4FDBFABC2}"
EndProject
Project("{9A19103F-16F7-4668-BE54-9A1E7A4F7556}") = "GeometryCalculator", "GeometryCalculator\GeometryCalculator.csproj", "{1FE5479F-2BB7-4D65-AA62-51C5CBD5D8A4}"
EndProject
Project("{9A19103F-16F7-4668-BE54-9A1E7A4F7556}") = "StringManipulations", "StringManipulations\StringManipulations.csproj", "{B7D65ACD-BD27-407B-AB3D-296A9D8BCE67}"
EndProject
Project("{FAE04EC0-301F-11D3-BF4B-00C04F79EFBC}") = "JustCalculator", "JustCalculator\JustCalculator.csproj", "{F4D677D5-B653-444C-A5A0-CFAA83D59894}"
EndProject
Project("{FAE04EC0-301F-11D3-BF4B-00C04F79EFBC}") = "UserWithActions", "UserWithActions\UserWithActions.csproj", "{C35B36A0-5F56-4C30-ADC3-1C858B5D0DCC}"
EndProject
Global
	GlobalSection(SolutionConfigurationPlatforms) = preSolution
		Debug|Any CPU = Debug|Any CPU
		Release|Any CPU = Release|Any CPU
	EndGlobalSection
	GlobalSection(ProjectConfigurationPlatforms) = postSolution
		{FDEA389F-011F-441C-8BE1-CC9CC3584432}.Debug|Any CPU.ActiveCfg = Debug|Any CPU
		{FDEA389F-011F-441C-8BE1-CC9CC3584432}.Debug|Any CPU.Build.0 = Debug|Any CPU
		{FDEA389F-011F-441C-8BE1-CC9CC3584432}.Release|Any CPU.ActiveCfg = Release|Any CPU
		{FDEA389F-011F-441C-8BE1-CC9CC3584432}.Release|Any CPU.Build.0 = Release|Any CPU
		{78445069-45B8-48CB-85D1-70268559986A}.Debug|Any CPU.ActiveCfg = Debug|Any CPU
		{78445069-45B8-48CB-85D1-70268559986A}.Debug|Any CPU.Build.0 = Debug|Any CPU
		{78445069-45B8-48CB-85D1-70268559986A}.Release|Any CPU.ActiveCfg = Release|Any CPU
		{78445069-45B8-48CB-85D1-70268559986A}.Release|Any CPU.Build.0 = Release|Any CPU
		{A8EF2C5A-AAF2-4498-821C-283FFC252FA4}.Debug|Any CPU.ActiveCfg = Debug|Any CPU
		{A8EF2C5A-AAF2-4498-821C-283FFC252FA4}.Debug|Any CPU.Build.0 = Debug|Any CPU
		{A8EF2C5A-AAF2-4498-821C-283FFC252FA4}.Release|Any CPU.ActiveCfg = Release|Any CPU
		{A8EF2C5A-AAF2-4498-821C-283FFC252FA4}.Release|Any CPU.Build.0 = Release|Any CPU
		{E8C67298-D794-4D4D-BCF0-D1D81D81D626}.Debug|Any CPU.ActiveCfg = Debug|Any CPU
		{E8C67298-D794-4D4D-BCF0-D1D81D81D626}.Debug|Any CPU.Build.0 = Debug|Any CPU
		{E8C67298-D794-4D4D-BCF0-D1D81D81D626}.Release|Any CPU.ActiveCfg = Release|Any CPU
		{E8C67298-D794-4D4D-BCF0-D1D81D81D626}.Release|Any CPU.Build.0 = Release|Any CPU
		{104DBBAD-E267-481E-A3A9-02BFD6199CF8}.Debug|Any CPU.ActiveCfg = Debug|Any CPU
		{104DBBAD-E267-481E-A3A9-02BFD6199CF8}.Debug|Any CPU.Build.0 = Debug|Any CPU
		{104DBBAD-E267-481E-A3A9-02BFD6199CF8}.Release|Any CPU.ActiveCfg = Release|Any CPU
		{104DBBAD-E267-481E-A3A9-02BFD6199CF8}.Release|Any CPU.Build.0 = Release|Any CPU
		{182511BE-1D9F-4A45-AE8A-9510C46806F1}.Debug|Any CPU.ActiveCfg = Debug|Any CPU
		{182511BE-1D9F-4A45-AE8A-9510C46806F1}.Debug|Any CPU.Build.0 = Debug|Any CPU
		{182511BE-1D9F-4A45-AE8A-9510C46806F1}.Release|Any CPU.ActiveCfg = Release|Any CPU
		{182511BE-1D9F-4A45-AE8A-9510C46806F1}.Release|Any CPU.Build.0 = Release|Any CPU
		{7D2DAAB3-C651-4D7C-8822-209A4D6EEBB1}.Debug|Any CPU.ActiveCfg = Debug|Any CPU
		{7D2DAAB3-C651-4D7C-8822-209A4D6EEBB1}.Debug|Any CPU.Build.0 = Debug|Any CPU
		{7D2DAAB3-C651-4D7C-8822-209A4D6EEBB1}.Release|Any CPU.ActiveCfg = Release|Any CPU
		{7D2DAAB3-C651-4D7C-8822-209A4D6EEBB1}.Release|Any CPU.Build.0 = Release|Any CPU
		{2053B657-8433-486B-9133-EA9B65CC9DAB}.Debug|Any CPU.ActiveCfg = Debug|Any CPU
		{2053B657-8433-486B-9133-EA9B65CC9DAB}.Debug|Any CPU.Build.0 = Debug|Any CPU
		{2053B657-8433-486B-9133-EA9B65CC9DAB}.Release|Any CPU.ActiveCfg = Release|Any CPU
		{2053B657-8433-486B-9133-EA9B65CC9DAB}.Release|Any CPU.Build.0 = Release|Any CPU
		{0A228A62-E7A1-4DE3-A7A8-A9B9257145C5}.Debug|Any CPU.ActiveCfg = Debug|Any CPU
		{0A228A62-E7A1-4DE3-A7A8-A9B9257145C5}.Debug|Any CPU.Build.0 = Debug|Any CPU
		{0A228A62-E7A1-4DE3-A7A8-A9B9257145C5}.Release|Any CPU.ActiveCfg = Release|Any CPU
		{0A228A62-E7A1-4DE3-A7A8-A9B9257145C5}.Release|Any CPU.Build.0 = Release|Any CPU
		{D1B5BA17-B97B-466D-B1BD-6236C9EA22B2}.Debug|Any CPU.ActiveCfg = Debug|Any CPU
		{D1B5BA17-B97B-466D-B1BD-6236C9EA22B2}.Debug|Any CPU.Build.0 = Debug|Any CPU
		{D1B5BA17-B97B-466D-B1BD-6236C9EA22B2}.Release|Any CPU.ActiveCfg = Release|Any CPU
		{D1B5BA17-B97B-466D-B1BD-6236C9EA22B2}.Release|Any CPU.Build.0 = Release|Any CPU
		{35541949-7B1E-4F58-BC13-7B497448B1D5}.Debug|Any CPU.ActiveCfg = Debug|Any CPU
		{35541949-7B1E-4F58-BC13-7B497448B1D5}.Debug|Any CPU.Build.0 = Debug|Any CPU
		{35541949-7B1E-4F58-BC13-7B497448B1D5}.Release|Any CPU.ActiveCfg = Release|Any CPU
		{35541949-7B1E-4F58-BC13-7B497448B1D5}.Release|Any CPU.Build.0 = Release|Any CPU
		{E1B3D99A-081E-4A7D-994A-3769DBB1EA78}.Debug|Any CPU.ActiveCfg = Debug|Any CPU
		{E1B3D99A-081E-4A7D-994A-3769DBB1EA78}.Debug|Any CPU.Build.0 = Debug|Any CPU
		{E1B3D99A-081E-4A7D-994A-3769DBB1EA78}.Release|Any CPU.ActiveCfg = Release|Any CPU
		{E1B3D99A-081E-4A7D-994A-3769DBB1EA78}.Release|Any CPU.Build.0 = Release|Any CPU
		{D0613985-9ACA-4700-A11F-3F354D704CC0}.Debug|Any CPU.ActiveCfg = Debug|Any CPU
		{D0613985-9ACA-4700-A11F-3F354D704CC0}.Debug|Any CPU.Build.0 = Debug|Any CPU
		{D0613985-9ACA-4700-A11F-3F354D704CC0}.Release|Any CPU.ActiveCfg = Release|Any CPU
		{D0613985-9ACA-4700-A11F-3F354D704CC0}.Release|Any CPU.Build.0 = Release|Any CPU
		{CB63FD77-7FB3-4322-842D-C7414B3F7BC3}.Debug|Any CPU.ActiveCfg = Debug|Any CPU
		{CB63FD77-7FB3-4322-842D-C7414B3F7BC3}.Debug|Any CPU.Build.0 = Debug|Any CPU
		{CB63FD77-7FB3-4322-842D-C7414B3F7BC3}.Release|Any CPU.ActiveCfg = Release|Any CPU
		{CB63FD77-7FB3-4322-842D-C7414B3F7BC3}.Release|Any CPU.Build.0 = Release|Any CPU
		{AB307806-7B8E-4270-8003-0BE4FDBFABC2}.Debug|Any CPU.ActiveCfg = Debug|Any CPU
		{AB307806-7B8E-4270-8003-0BE4FDBFABC2}.Debug|Any CPU.Build.0 = Debug|Any CPU
		{AB307806-7B8E-4270-8003-0BE4FDBFABC2}.Release|Any CPU.ActiveCfg = Release|Any CPU
		{AB307806-7B8E-4270-8003-0BE4FDBFABC2}.Release|Any CPU.Build.0 = Release|Any CPU
		{1FE5479F-2BB7-4D65-AA62-51C5CBD5D8A4}.Debug|Any CPU.ActiveCfg = Debug|Any CPU
		{1FE5479F-2BB7-4D65-AA62-51C5CBD5D8A4}.Debug|Any CPU.Build.0 = Debug|Any CPU
		{1FE5479F-2BB7-4D65-AA62-51C5CBD5D8A4}.Release|Any CPU.ActiveCfg = Release|Any CPU
		{1FE5479F-2BB7-4D65-AA62-51C5CBD5D8A4}.Release|Any CPU.Build.0 = Release|Any CPU
		{B7D65ACD-BD27-407B-AB3D-296A9D8BCE67}.Debug|Any CPU.ActiveCfg = Debug|Any CPU
		{B7D65ACD-BD27-407B-AB3D-296A9D8BCE67}.Debug|Any CPU.Build.0 = Debug|Any CPU
		{B7D65ACD-BD27-407B-AB3D-296A9D8BCE67}.Release|Any CPU.ActiveCfg = Release|Any CPU
		{B7D65ACD-BD27-407B-AB3D-296A9D8BCE67}.Release|Any CPU.Build.0 = Release|Any CPU
		{F4D677D5-B653-444C-A5A0-CFAA83D59894}.Debug|Any CPU.ActiveCfg = Debug|Any CPU
		{F4D677D5-B653-444C-A5A0-CFAA83D59894}.Debug|Any CPU.Build.0 = Debug|Any CPU
		{F4D677D5-B653-444C-A5A0-CFAA83D59894}.Release|Any CPU.ActiveCfg = Release|Any CPU
		{F4D677D5-B653-444C-A5A0-CFAA83D59894}.Release|Any CPU.Build.0 = Release|Any CPU
		{C35B36A0-5F56-4C30-ADC3-1C858B5D0DCC}.Debug|Any CPU.ActiveCfg = Debug|Any CPU
		{C35B36A0-5F56-4C30-ADC3-1C858B5D0DCC}.Debug|Any CPU.Build.0 = Debug|Any CPU
		{C35B36A0-5F56-4C30-ADC3-1C858B5D0DCC}.Release|Any CPU.ActiveCfg = Release|Any CPU
		{C35B36A0-5F56-4C30-ADC3-1C858B5D0DCC}.Release|Any CPU.Build.0 = Release|Any CPU
	EndGlobalSection
	GlobalSection(SolutionProperties) = preSolution
		HideSolutionNode = FALSE
	EndGlobalSection
	GlobalSection(ExtensibilityGlobals) = postSolution
		SolutionGuid = {75B0E812-C980-4AD5-9A56-D3EA7FAC13BA}
	EndGlobalSection
EndGlobal
